
Microsoft Visual Studio Solution File, Format Version 10.00
# Visual C# Express 2008
Project("{FAE04EC0-301F-11D3-BF4B-00C04F79EFBC}") = "arrok  chat", "arrok  chat\arrok  chat.csproj", "{2067989A-2CF7-4D81-B11A-250DAA855C60}"
EndProject
Global
	GlobalSection(SolutionConfigurationPlatforms) = preSolution
		Debug|Any CPU = Debug|Any CPU
		Release|Any CPU = Release|Any CPU
	EndGlobalSection
	GlobalSection(ProjectConfigurationPlatforms) = postSolution
		{2067989A-2CF7-4D81-B11A-250DAA855C60}.Debug|Any CPU.ActiveCfg = Debug|Any CPU
		{2067989A-2CF7-4D81-B11A-250DAA855C60}.Debug|Any CPU.Build.0 = Debug|Any CPU
		{2067989A-2CF7-4D81-B11A-250DAA855C60}.Release|Any CPU.ActiveCfg = Release|Any CPU
		{2067989A-2CF7-4D81-B11A-250DAA855C60}.Release|Any CPU.Build.0 = Release|Any CPU
	EndGlobalSection
	GlobalSection(SolutionProperties) = preSolution
		HideSolutionNode = FALSE
	EndGlobalSection
EndGlobal
